
Microsoft Visual Studio Solution File, Format Version 12.00
# Visual Studio Version 16
VisualStudioVersion = 16.0.29806.167
MinimumVisualStudioVersion = 10.0.40219.1
Project("{FAE04EC0-301F-11D3-BF4B-00C04F79EFBC}") = "MindMap", "MindMap\MindMap.csproj", "{0B11E146-AAB6-4B83-B6F5-2E0AED4BA65C}"
EndProject
Global
	GlobalSection(SolutionConfigurationPlatforms) = preSolution
		Debug|Any CPU = Debug|Any CPU
		Release|Any CPU = Release|Any CPU
	EndGlobalSection
	GlobalSection(ProjectConfigurationPlatforms) = postSolution
		{0B11E146-AAB6-4B83-B6F5-2E0AED4BA65C}.Debug|Any CPU.ActiveCfg = Debug|Any CPU
		{0B11E146-AAB6-4B83-B6F5-2E0AED4BA65C}.Debug|Any CPU.Build.0 = Debug|Any CPU
		{0B11E146-AAB6-4B83-B6F5-2E0AED4BA65C}.Release|Any CPU.ActiveCfg = Release|Any CPU
		{0B11E146-AAB6-4B83-B6F5-2E0AED4BA65C}.Release|Any CPU.Build.0 = Release|Any CPU
	EndGlobalSection
	GlobalSection(SolutionProperties) = preSolution
		HideSolutionNode = FALSE
	EndGlobalSection
	GlobalSection(ExtensibilityGlobals) = postSolution
		SolutionGuid = {0905F351-5972-41BB-A9C0-2EA3BB4206DD}
	EndGlobalSection
EndGlobal
